
Microsoft Visual Studio Solution File, Format Version 12.00
# Visual Studio 15
VisualStudioVersion = 15.0.26730.3
MinimumVisualStudioVersion = 10.0.40219.1
Project("{FAE04EC0-301F-11D3-BF4B-00C04F79EFBC}") = "T.Issue.Commons", "T.Issue.Commons\T.Issue.Commons.csproj", "{AD68189E-1E1E-4F02-8652-307B0DB04F77}"
EndProject
Project("{FAE04EC0-301F-11D3-BF4B-00C04F79EFBC}") = "T.Issue.Bootstrapper", "T.Issue.Bootstrapper\T.Issue.Bootstrapper.csproj", "{225B265D-6136-4DA1-AAC5-19B5CFEFBDEB}"
EndProject
Project("{FAE04EC0-301F-11D3-BF4B-00C04F79EFBC}") = "T.Issue.DB.Migrator", "T.Issue.DB.Migrator\T.Issue.DB.Migrator.csproj", "{32AECBB1-EE69-457E-A6AA-FCC43BD5ED2B}"
EndProject
Project("{FAE04EC0-301F-11D3-BF4B-00C04F79EFBC}") = "T.Issue.Commons.Test", "T.Issue.Commons.Test\T.Issue.Commons.Test.csproj", "{3B73FD0F-4A05-443C-AE7F-F815EE560BA4}"
EndProject
Project("{2150E333-8FDC-42A3-9474-1A3956D46DE8}") = "Solution Items", "Solution Items", "{A03C76A4-0056-47E7-BB1D-5569CBCFF3DE}"
ProjectSection(SolutionItems) = preProject
	README.md = README.md
EndProjectSection
EndProject
Project("{FAE04EC0-301F-11D3-BF4B-00C04F79EFBC}") = "T.Issue.DB.Migrator.Test", "T.Issue.DB.Migrator.Test\T.Issue.DB.Migrator.Test.csproj", "{E4D85641-8E90-4D06-82B0-277D56B737D3}"
EndProject
Global
	GlobalSection(SolutionConfigurationPlatforms) = preSolution
		Debug|Any CPU = Debug|Any CPU
		Release|Any CPU = Release|Any CPU
	EndGlobalSection
	GlobalSection(ProjectConfigurationPlatforms) = postSolution
		{AD68189E-1E1E-4F02-8652-307B0DB04F77}.Debug|Any CPU.ActiveCfg = Debug|Any CPU
		{AD68189E-1E1E-4F02-8652-307B0DB04F77}.Debug|Any CPU.Build.0 = Debug|Any CPU
		{AD68189E-1E1E-4F02-8652-307B0DB04F77}.Release|Any CPU.ActiveCfg = Release|Any CPU
		{AD68189E-1E1E-4F02-8652-307B0DB04F77}.Release|Any CPU.Build.0 = Release|Any CPU
		{225B265D-6136-4DA1-AAC5-19B5CFEFBDEB}.Debug|Any CPU.ActiveCfg = Debug|Any CPU
		{225B265D-6136-4DA1-AAC5-19B5CFEFBDEB}.Debug|Any CPU.Build.0 = Debug|Any CPU
		{225B265D-6136-4DA1-AAC5-19B5CFEFBDEB}.Release|Any CPU.ActiveCfg = Release|Any CPU
		{225B265D-6136-4DA1-AAC5-19B5CFEFBDEB}.Release|Any CPU.Build.0 = Release|Any CPU
		{32AECBB1-EE69-457E-A6AA-FCC43BD5ED2B}.Debug|Any CPU.ActiveCfg = Debug|Any CPU
		{32AECBB1-EE69-457E-A6AA-FCC43BD5ED2B}.Debug|Any CPU.Build.0 = Debug|Any CPU
		{32AECBB1-EE69-457E-A6AA-FCC43BD5ED2B}.Release|Any CPU.ActiveCfg = Release|Any CPU
		{32AECBB1-EE69-457E-A6AA-FCC43BD5ED2B}.Release|Any CPU.Build.0 = Release|Any CPU
		{3B73FD0F-4A05-443C-AE7F-F815EE560BA4}.Debug|Any CPU.ActiveCfg = Debug|Any CPU
		{3B73FD0F-4A05-443C-AE7F-F815EE560BA4}.Debug|Any CPU.Build.0 = Debug|Any CPU
		{3B73FD0F-4A05-443C-AE7F-F815EE560BA4}.Release|Any CPU.ActiveCfg = Release|Any CPU
		{3B73FD0F-4A05-443C-AE7F-F815EE560BA4}.Release|Any CPU.Build.0 = Release|Any CPU
		{E4D85641-8E90-4D06-82B0-277D56B737D3}.Debug|Any CPU.ActiveCfg = Debug|Any CPU
		{E4D85641-8E90-4D06-82B0-277D56B737D3}.Debug|Any CPU.Build.0 = Debug|Any CPU
		{E4D85641-8E90-4D06-82B0-277D56B737D3}.Release|Any CPU.ActiveCfg = Release|Any CPU
		{E4D85641-8E90-4D06-82B0-277D56B737D3}.Release|Any CPU.Build.0 = Release|Any CPU
	EndGlobalSection
	GlobalSection(SolutionProperties) = preSolution
		HideSolutionNode = FALSE
	EndGlobalSection
	GlobalSection(ExtensibilityGlobals) = postSolution
		SolutionGuid = {B0C10356-BB32-4F6B-BBA4-5754BA1D2358}
	EndGlobalSection
EndGlobal
